<?xml version="1.0" encoding="utf-8"?>
<Project ToolsVersion="4.0" xmlns="http://schemas.microsoft.com/developer/msbuild/2003">
  <ItemGroup>
    <Filter Include="Source Files">
      <UniqueIdentifier>{4FC737F1-C7A5-4376-A066-2A32D752A2FF}</UniqueIdentifier>
      <Extensions>cpp;c;cc;cxx;c++;cppm;ixx;def;odl;idl;hpj;bat;asm;asmx</Extensions>
    </Filter>
    <Filter Include="Header Files">
      <UniqueIdentifier>{93995380-89BD-4b04-88EB-625FBE52EBFB}</UniqueIdentifier>
      <Extensions>h;hh;hpp;hxx;h++;hm;inl;inc;ipp;xsd</Extensions>
    </Filter>
    <Filter Include="Resource Files">
      <UniqueIdentifier>{67DA6AB6-F800-4c08-8B7A-83BB121AAD01}</UniqueIdentifier>
      <Extensions>rc;ico;cur;bmp;dlg;rc2;rct;bin;rgs;gif;jpg;jpeg;jpe;resx;tiff;tif;png;wav;mfcribbon-ms</Extensions>
    </Filter>
    <Filter Include="Source Files\QuaternionTest">
      <UniqueIdentifier>{d1ac6af9-c56c-483a-a10b-07bc195c686f}</UniqueIdentifier>
    </Filter>
    <Filter Include="Source Files\3DShapes">
      <UniqueIdentifier>{d7abcce5-3d2c-491a-9503-8baa3cd60916}</UniqueIdentifier>
    </Filter>
    <Filter Include="Source Files\Camera">
      <UniqueIdentifier>{8bd094f4-9565-4e8b-ae55-d95f13b5fbcb}</UniqueIdentifier>
    </Filter>
    <Filter Include="src">
      <UniqueIdentifier>{411f79e1-be61-41c1-99c1-ec3291defc05}</UniqueIdentifier>
    </Filter>
    <Filter Include="include">
      <UniqueIdentifier>{d70412e2-dbeb-4c95-a2e7-8d2d2ab80315}</UniqueIdentifier>
    </Filter>
    <Filter Include="shaders">
      <UniqueIdentifier>{63bc2ef7-8b99-4ddc-b033-6eb3deb99571}</UniqueIdentifier>
    </Filter>
  </ItemGroup>
  <ItemGroup>
    <ClCompile Include="OpenGL\glfw-3.4\build\glad.c">
      <Filter>Source Files</Filter>
    </ClCompile>
    <ClCompile Include="src\window_setup.cpp">
      <Filter>src</Filter>
    </ClCompile>
    <ClCompile Include="src\test_shader.cpp">
      <Filter>src</Filter>
    </ClCompile>
    <ClCompile Include="src\sphere.cpp">
      <Filter>src</Filter>
    </ClCompile>
    <ClCompile Include="src\quaternion.cpp">
      <Filter>src</Filter>
    </ClCompile>
    <ClCompile Include="src\cube.cpp">
      <Filter>src</Filter>
    </ClCompile>
    <ClCompile Include="src\camera.cpp">
      <Filter>src</Filter>
    </ClCompile>
    <ClCompile Include="src\3dshapes.cpp">
      <Filter>src</Filter>
    </ClCompile>
  </ItemGroup>
  <ItemGroup>
    <ClInclude Include="include\3dshapes.h">
      <Filter>include</Filter>
    </ClInclude>
    <ClInclude Include="include\camera.h">
      <Filter>include</Filter>
    </ClInclude>
    <ClInclude Include="include\cube.h">
      <Filter>include</Filter>
    </ClInclude>
    <ClInclude Include="include\quaternion.h">
      <Filter>include</Filter>
    </ClInclude>
    <ClInclude Include="include\sphere.h">
      <Filter>include</Filter>
    </ClInclude>
    <ClInclude Include="include\test_shader.h">
      <Filter>include</Filter>
    </ClInclude>
  </ItemGroup>
  <ItemGroup>
    <Text Include="shaders\fshader.txt">
      <Filter>shaders</Filter>
    </Text>
    <Text Include="shaders\vshader.txt">
      <Filter>shaders</Filter>
    </Text>
  </ItemGroup>
</Project>